
Microsoft Visual Studio Solution File, Format Version 12.00
# Visual Studio Version 17
VisualStudioVersion = 17.8.34511.84
MinimumVisualStudioVersion = 10.0.40219.1
Project("{FAE04EC0-301F-11D3-BF4B-00C04F79EFBC}") = "calEdadDiferencia", "calEdadDiferencia.csproj", "{8104125C-233D-491A-A0E6-2E53CF0B7BC3}"
EndProject
Global
	GlobalSection(SolutionConfigurationPlatforms) = preSolution
		Debug|Any CPU = Debug|Any CPU
		Release|Any CPU = Release|Any CPU
	EndGlobalSection
	GlobalSection(ProjectConfigurationPlatforms) = postSolution
		{8104125C-233D-491A-A0E6-2E53CF0B7BC3}.Debug|Any CPU.ActiveCfg = Debug|Any CPU
		{8104125C-233D-491A-A0E6-2E53CF0B7BC3}.Debug|Any CPU.Build.0 = Debug|Any CPU
		{8104125C-233D-491A-A0E6-2E53CF0B7BC3}.Release|Any CPU.ActiveCfg = Release|Any CPU
		{8104125C-233D-491A-A0E6-2E53CF0B7BC3}.Release|Any CPU.Build.0 = Release|Any CPU
	EndGlobalSection
	GlobalSection(SolutionProperties) = preSolution
		HideSolutionNode = FALSE
	EndGlobalSection
	GlobalSection(ExtensibilityGlobals) = postSolution
		SolutionGuid = {32BACA89-6847-4311-A59B-5F5EC3B02FA7}
	EndGlobalSection
EndGlobal
